
Microsoft Visual Studio Solution File, Format Version 12.00
# Visual Studio 15
VisualStudioVersion = 15.0.28307.1022
MinimumVisualStudioVersion = 10.0.40219.1
Project("{FAE04EC0-301F-11D3-BF4B-00C04F79EFBC}") = "PrototipoTCC", "PrototipoTCC\PrototipoTCC.csproj", "{B55B2A9B-C6DC-463A-A0E3-D13B8192E807}"
EndProject
Global
	GlobalSection(SolutionConfigurationPlatforms) = preSolution
		Debug|Any CPU = Debug|Any CPU
		Release|Any CPU = Release|Any CPU
	EndGlobalSection
	GlobalSection(ProjectConfigurationPlatforms) = postSolution
		{B55B2A9B-C6DC-463A-A0E3-D13B8192E807}.Debug|Any CPU.ActiveCfg = Debug|Any CPU
		{B55B2A9B-C6DC-463A-A0E3-D13B8192E807}.Debug|Any CPU.Build.0 = Debug|Any CPU
		{B55B2A9B-C6DC-463A-A0E3-D13B8192E807}.Release|Any CPU.ActiveCfg = Release|Any CPU
		{B55B2A9B-C6DC-463A-A0E3-D13B8192E807}.Release|Any CPU.Build.0 = Release|Any CPU
	EndGlobalSection
	GlobalSection(SolutionProperties) = preSolution
		HideSolutionNode = FALSE
	EndGlobalSection
	GlobalSection(ExtensibilityGlobals) = postSolution
		SolutionGuid = {BB0310BC-A735-4129-9071-F723F51E9DA5}
	EndGlobalSection
EndGlobal
